// !$*UTF8*$!
{
	archiveVersion = 1;
	classes = {
	};
	objectVersion = 56;
	objects = {

/* Begin PBXBuildFile section */
		D651F59A2ACCFBE500741729 /* League Items.swift in Sources */ = {isa = PBXBuildFile; fileRef = D651F5992ACCFBE500741729 /* League Items.swift */; };
		D651F59C2ACCFBE500741729 /* ContentView.swift in Sources */ = {isa = PBXBuildFile; fileRef = D651F59B2ACCFBE500741729 /* ContentView.swift */; };
		D651F59E2ACCFBEC00741729 /* Assets.xcassets in Resources */ = {isa = PBXBuildFile; fileRef = D651F59D2ACCFBEC00741729 /* Assets.xcassets */; };
		D651F5A12ACCFBEC00741729 /* Preview Assets.xcassets in Resources */ = {isa = PBXBuildFile; fileRef = D651F5A02ACCFBEC00741729 /* Preview Assets.xcassets */; };
		D684E7C52AD6B19900EC2F3B /* ItemScene.swift in Sources */ = {isa = PBXBuildFile; fileRef = D684E7C42AD6B19900EC2F3B /* ItemScene.swift */; };
		D684E7C72AD6B82600EC2F3B /* ListItemView.swift in Sources */ = {isa = PBXBuildFile; fileRef = D684E7C62AD6B82600EC2F3B /* ListItemView.swift */; };
		D689718B2ADEEA1800D58243 /* IndividualItemScene.swift in Sources */ = {isa = PBXBuildFile; fileRef = D689718A2ADEEA1800D58243 /* IndividualItemScene.swift */; };
		D689718D2ADF75AD00D58243 /* ItemModel.swift in Sources */ = {isa = PBXBuildFile; fileRef = D689718C2ADF75AD00D58243 /* ItemModel.swift */; };
		D689718F2ADF765000D58243 /* ItemStatsModel.swift in Sources */ = {isa = PBXBuildFile; fileRef = D689718E2ADF765000D58243 /* ItemStatsModel.swift */; };
		D68971912ADF772900D58243 /* ItemSpikesModel.swift in Sources */ = {isa = PBXBuildFile; fileRef = D68971902ADF772900D58243 /* ItemSpikesModel.swift */; };
/* End PBXBuildFile section */

/* Begin PBXFileReference section */
		D651F5962ACCFBE500741729 /* League Items.app */ = {isa = PBXFileReference; explicitFileType = wrapper.application; includeInIndex = 0; path = "League Items.app"; sourceTree = BUILT_PRODUCTS_DIR; };
		D651F5992ACCFBE500741729 /* League Items.swift */ = {isa = PBXFileReference; lastKnownFileType = sourcecode.swift; path = "League Items.swift"; sourceTree = "<group>"; };
		D651F59B2ACCFBE500741729 /* ContentView.swift */ = {isa = PBXFileReference; lastKnownFileType = sourcecode.swift; path = ContentView.swift; sourceTree = "<group>"; };
		D651F59D2ACCFBEC00741729 /* Assets.xcassets */ = {isa = PBXFileReference; lastKnownFileType = folder.assetcatalog; path = Assets.xcassets; sourceTree = "<group>"; };
		D651F5A02ACCFBEC00741729 /* Preview Assets.xcassets */ = {isa = PBXFileReference; lastKnownFileType = folder.assetcatalog; path = "Preview Assets.xcassets"; sourceTree = "<group>"; };
		D684E7C42AD6B19900EC2F3B /* ItemScene.swift */ = {isa = PBXFileReference; lastKnownFileType = sourcecode.swift; path = ItemScene.swift; sourceTree = "<group>"; };
		D684E7C62AD6B82600EC2F3B /* ListItemView.swift */ = {isa = PBXFileReference; lastKnownFileType = sourcecode.swift; path = ListItemView.swift; sourceTree = "<group>"; };
		D689718A2ADEEA1800D58243 /* IndividualItemScene.swift */ = {isa = PBXFileReference; lastKnownFileType = sourcecode.swift; path = IndividualItemScene.swift; sourceTree = "<group>"; };
		D689718C2ADF75AD00D58243 /* ItemModel.swift */ = {isa = PBXFileReference; lastKnownFileType = sourcecode.swift; path = ItemModel.swift; sourceTree = "<group>"; };
		D689718E2ADF765000D58243 /* ItemStatsModel.swift */ = {isa = PBXFileReference; lastKnownFileType = sourcecode.swift; path = ItemStatsModel.swift; sourceTree = "<group>"; };
		D68971902ADF772900D58243 /* ItemSpikesModel.swift */ = {isa = PBXFileReference; lastKnownFileType = sourcecode.swift; path = ItemSpikesModel.swift; sourceTree = "<group>"; };
/* End PBXFileReference section */

/* Begin PBXFrameworksBuildPhase section */
		D651F5932ACCFBE500741729 /* Frameworks */ = {
			isa = PBXFrameworksBuildPhase;
			buildActionMask = 2147483647;
			files = (
			);
			runOnlyForDeploymentPostprocessing = 0;
		};
/* End PBXFrameworksBuildPhase section */

/* Begin PBXGroup section */
		D651F58D2ACCFBE500741729 = {
			isa = PBXGroup;
			children = (
				D651F5982ACCFBE500741729 /* 2023 iOS - Term 4 */,
				D651F5972ACCFBE500741729 /* Products */,
			);
			sourceTree = "<group>";
		};
		D651F5972ACCFBE500741729 /* Products */ = {
			isa = PBXGroup;
			children = (
				D651F5962ACCFBE500741729 /* League Items.app */,
			);
			name = Products;
			sourceTree = "<group>";
		};
		D651F5982ACCFBE500741729 /* 2023 iOS - Term 4 */ = {
			isa = PBXGroup;
			children = (
				D684E7C32AD6B17600EC2F3B /* Scenes */,
				D684E7C22AD6B17000EC2F3B /* Views */,
				D684E7C12AD6B16900EC2F3B /* Models */,
				D684E7C02AD6B16300EC2F3B /* Data */,
				D651F5992ACCFBE500741729 /* League Items.swift */,
				D651F59B2ACCFBE500741729 /* ContentView.swift */,
				D651F59D2ACCFBEC00741729 /* Assets.xcassets */,
				D651F59F2ACCFBEC00741729 /* Preview Content */,
			);
			path = "2023 iOS - Term 4";
			sourceTree = "<group>";
		};
		D651F59F2ACCFBEC00741729 /* Preview Content */ = {
			isa = PBXGroup;
			children = (
				D651F5A02ACCFBEC00741729 /* Preview Assets.xcassets */,
			);
			path = "Preview Content";
			sourceTree = "<group>";
		};
		D684E7C02AD6B16300EC2F3B /* Data */ = {
			isa = PBXGroup;
			children = (
			);
			path = Data;
			sourceTree = "<group>";
		};
		D684E7C12AD6B16900EC2F3B /* Models */ = {
			isa = PBXGroup;
			children = (
				D689718C2ADF75AD00D58243 /* ItemModel.swift */,
				D689718E2ADF765000D58243 /* ItemStatsModel.swift */,
				D68971902ADF772900D58243 /* ItemSpikesModel.swift */,
			);
			path = Models;
			sourceTree = "<group>";
		};
		D684E7C22AD6B17000EC2F3B /* Views */ = {
			isa = PBXGroup;
			children = (
				D684E7C62AD6B82600EC2F3B /* ListItemView.swift */,
			);
			path = Views;
			sourceTree = "<group>";
		};
		D684E7C32AD6B17600EC2F3B /* Scenes */ = {
			isa = PBXGroup;
			children = (
				D684E7C42AD6B19900EC2F3B /* ItemScene.swift */,
				D689718A2ADEEA1800D58243 /* IndividualItemScene.swift */,
			);
			path = Scenes;
			sourceTree = "<group>";
		};
/* End PBXGroup section */

/* Begin PBXNativeTarget section */
		D651F5952ACCFBE500741729 /* League Items */ = {
			isa = PBXNativeTarget;
			buildConfigurationList = D651F5A42ACCFBEC00741729 /* Build configuration list for PBXNativeTarget "League Items" */;
			buildPhases = (
				D651F5922ACCFBE500741729 /* Sources */,
				D651F5932ACCFBE500741729 /* Frameworks */,
				D651F5942ACCFBE500741729 /* Resources */,
			);
			buildRules = (
			);
			dependencies = (
			);
			name = "League Items";
			productName = "2023 iOS - Term 4";
			productReference = D651F5962ACCFBE500741729 /* League Items.app */;
			productType = "com.apple.product-type.application";
		};
/* End PBXNativeTarget section */

/* Begin PBXProject section */
		D651F58E2ACCFBE500741729 /* Project object */ = {
			isa = PBXProject;
			attributes = {
				BuildIndependentTargetsInParallel = 1;
				LastSwiftUpdateCheck = 1420;
				LastUpgradeCheck = 1420;
				TargetAttributes = {
					D651F5952ACCFBE500741729 = {
						CreatedOnToolsVersion = 14.2;
					};
				};
			};
			buildConfigurationList = D651F5912ACCFBE500741729 /* Build configuration list for PBXProject "2023 iOS - Term 4" */;
			compatibilityVersion = "Xcode 14.0";
			developmentRegion = en;
			hasScannedForEncodings = 0;
			knownRegions = (
				en,
				Base,
			);
			mainGroup = D651F58D2ACCFBE500741729;
			productRefGroup = D651F5972ACCFBE500741729 /* Products */;
			projectDirPath = "";
			projectRoot = "";
			targets = (
				D651F5952ACCFBE500741729 /* League Items */,
			);
		};
/* End PBXProject section */

/* Begin PBXResourcesBuildPhase section */
		D651F5942ACCFBE500741729 /* Resources */ = {
			isa = PBXResourcesBuildPhase;
			buildActionMask = 2147483647;
			files = (
				D651F5A12ACCFBEC00741729 /* Preview Assets.xcassets in Resources */,
				D651F59E2ACCFBEC00741729 /* Assets.xcassets in Resources */,
			);
			runOnlyForDeploymentPostprocessing = 0;
		};
/* End PBXResourcesBuildPhase section */

/* Begin PBXSourcesBuildPhase section */
		D651F5922ACCFBE500741729 /* Sources */ = {
			isa = PBXSourcesBuildPhase;
			buildActionMask = 2147483647;
			files = (
				D689718D2ADF75AD00D58243 /* ItemModel.swift in Sources */,
				D689718F2ADF765000D58243 /* ItemStatsModel.swift in Sources */,
				D651F59C2ACCFBE500741729 /* ContentView.swift in Sources */,
				D684E7C52AD6B19900EC2F3B /* ItemScene.swift in Sources */,
				D689718B2ADEEA1800D58243 /* IndividualItemScene.swift in Sources */,
				D651F59A2ACCFBE500741729 /* League Items.swift in Sources */,
				D684E7C72AD6B82600EC2F3B /* ListItemView.swift in Sources */,
				D68971912ADF772900D58243 /* ItemSpikesModel.swift in Sources */,
			);
			runOnlyForDeploymentPostprocessing = 0;
		};
/* End PBXSourcesBuildPhase section */

/* Begin XCBuildConfiguration section */
		D651F5A22ACCFBEC00741729 /* Debug */ = {
			isa = XCBuildConfiguration;
			buildSettings = {
				ALWAYS_SEARCH_USER_PATHS = NO;
				CLANG_ANALYZER_NONNULL = YES;
				CLANG_ANALYZER_NUMBER_OBJECT_CONVERSION = YES_AGGRESSIVE;
				CLANG_CXX_LANGUAGE_STANDARD = "gnu++20";
				CLANG_ENABLE_MODULES = YES;
				CLANG_ENABLE_OBJC_ARC = YES;
				CLANG_ENABLE_OBJC_WEAK = YES;
				CLANG_WARN_BLOCK_CAPTURE_AUTORELEASING = YES;
				CLANG_WARN_BOOL_CONVERSION = YES;
				CLANG_WARN_COMMA = YES;
				CLANG_WARN_CONSTANT_CONVERSION = YES;
				CLANG_WARN_DEPRECATED_OBJC_IMPLEMENTATIONS = YES;
				CLANG_WARN_DIRECT_OBJC_ISA_USAGE = YES_ERROR;
				CLANG_WARN_DOCUMENTATION_COMMENTS = YES;
				CLANG_WARN_EMPTY_BODY = YES;
				CLANG_WARN_ENUM_CONVERSION = YES;
				CLANG_WARN_INFINITE_RECURSION = YES;
				CLANG_WARN_INT_CONVERSION = YES;
				CLANG_WARN_NON_LITERAL_NULL_CONVERSION = YES;
				CLANG_WARN_OBJC_IMPLICIT_RETAIN_SELF = YES;
				CLANG_WARN_OBJC_LITERAL_CONVERSION = YES;
				CLANG_WARN_OBJC_ROOT_CLASS = YES_ERROR;
				CLANG_WARN_QUOTED_INCLUDE_IN_FRAMEWORK_HEADER = YES;
				CLANG_WARN_RANGE_LOOP_ANALYSIS = YES;
				CLANG_WARN_STRICT_PROTOTYPES = YES;
				CLANG_WARN_SUSPICIOUS_MOVE = YES;
				CLANG_WARN_UNGUARDED_AVAILABILITY = YES_AGGRESSIVE;
				CLANG_WARN_UNREACHABLE_CODE = YES;
				CLANG_WARN__DUPLICATE_METHOD_MATCH = YES;
				COPY_PHASE_STRIP = NO;
				DEBUG_INFORMATION_FORMAT = dwarf;
				ENABLE_STRICT_OBJC_MSGSEND = YES;
				ENABLE_TESTABILITY = YES;
				GCC_C_LANGUAGE_STANDARD = gnu11;
				GCC_DYNAMIC_NO_PIC = NO;
				GCC_NO_COMMON_BLOCKS = YES;
				GCC_OPTIMIZATION_LEVEL = 0;
				GCC_PREPROCESSOR_DEFINITIONS = (
					"DEBUG=1",
					"$(inherited)",
				);
				GCC_WARN_64_TO_32_BIT_CONVERSION = YES;
				GCC_WARN_ABOUT_RETURN_TYPE = YES_ERROR;
				GCC_WARN_UNDECLARED_SELECTOR = YES;
				GCC_WARN_UNINITIALIZED_AUTOS = YES_AGGRESSIVE;
				GCC_WARN_UNUSED_FUNCTION = YES;
				GCC_WARN_UNUSED_VARIABLE = YES;
				IPHONEOS_DEPLOYMENT_TARGET = 16.2;
				MTL_ENABLE_DEBUG_INFO = INCLUDE_SOURCE;
				MTL_FAST_MATH = YES;
				ONLY_ACTIVE_ARCH = YES;
				SDKROOT = iphoneos;
				SWIFT_ACTIVE_COMPILATION_CONDITIONS = DEBUG;
				SWIFT_OPTIMIZATION_LEVEL = "-Onone";
			};
			name = Debug;
		};
		D651F5A32ACCFBEC00741729 /* Release */ = {
			isa = XCBuildConfiguration;
			buildSettings = {
				ALWAYS_SEARCH_USER_PATHS = NO;
				CLANG_ANALYZER_NONNULL = YES;
				CLANG_ANALYZER_NUMBER_OBJECT_CONVERSION = YES_AGGRESSIVE;
				CLANG_CXX_LANGUAGE_STANDARD = "gnu++20";
				CLANG_ENABLE_MODULES = YES;
				CLANG_ENABLE_OBJC_ARC = YES;
				CLANG_ENABLE_OBJC_WEAK = YES;
				CLANG_WARN_BLOCK_CAPTURE_AUTORELEASING = YES;
				CLANG_WARN_BOOL_CONVERSION = YES;
				CLANG_WARN_COMMA = YES;
				CLANG_WARN_CONSTANT_CONVERSION = YES;
				CLANG_WARN_DEPRECATED_OBJC_IMPLEMENTATIONS = YES;
				CLANG_WARN_DIRECT_OBJC_ISA_USAGE = YES_ERROR;
				CLANG_WARN_DOCUMENTATION_COMMENTS = YES;
				CLANG_WARN_EMPTY_BODY = YES;
				CLANG_WARN_ENUM_CONVERSION = YES;
				CLANG_WARN_INFINITE_RECURSION = YES;
				CLANG_WARN_INT_CONVERSION = YES;
				CLANG_WARN_NON_LITERAL_NULL_CONVERSION = YES;
				CLANG_WARN_OBJC_IMPLICIT_RETAIN_SELF = YES;
				CLANG_WARN_OBJC_LITERAL_CONVERSION = YES;
				CLANG_WARN_OBJC_ROOT_CLASS = YES_ERROR;
				CLANG_WARN_QUOTED_INCLUDE_IN_FRAMEWORK_HEADER = YES;
				CLANG_WARN_RANGE_LOOP_ANALYSIS = YES;
				CLANG_WARN_STRICT_PROTOTYPES = YES;
				CLANG_WARN_SUSPICIOUS_MOVE = YES;
				CLANG_WARN_UNGUARDED_AVAILABILITY = YES_AGGRESSIVE;
				CLANG_WARN_UNREACHABLE_CODE = YES;
				CLANG_WARN__DUPLICATE_METHOD_MATCH = YES;
				COPY_PHASE_STRIP = NO;
				DEBUG_INFORMATION_FORMAT = "dwarf-with-dsym";
				ENABLE_NS_ASSERTIONS = NO;
				ENABLE_STRICT_OBJC_MSGSEND = YES;
				GCC_C_LANGUAGE_STANDARD = gnu11;
				GCC_NO_COMMON_BLOCKS = YES;
				GCC_WARN_64_TO_32_BIT_CONVERSION = YES;
				GCC_WARN_ABOUT_RETURN_TYPE = YES_ERROR;
				GCC_WARN_UNDECLARED_SELECTOR = YES;
				GCC_WARN_UNINITIALIZED_AUTOS = YES_AGGRESSIVE;
				GCC_WARN_UNUSED_FUNCTION = YES;
				GCC_WARN_UNUSED_VARIABLE = YES;
				IPHONEOS_DEPLOYMENT_TARGET = 16.2;
				MTL_ENABLE_DEBUG_INFO = NO;
				MTL_FAST_MATH = YES;
				SDKROOT = iphoneos;
				SWIFT_COMPILATION_MODE = wholemodule;
				SWIFT_OPTIMIZATION_LEVEL = "-O";
				VALIDATE_PRODUCT = YES;
			};
			name = Release;
		};
		D651F5A52ACCFBEC00741729 /* Debug */ = {
			isa = XCBuildConfiguration;
			buildSettings = {
				ASSETCATALOG_COMPILER_APPICON_NAME = AppIcon;
				ASSETCATALOG_COMPILER_GLOBAL_ACCENT_COLOR_NAME = AccentColor;
				CODE_SIGN_STYLE = Automatic;
				CURRENT_PROJECT_VERSION = 1;
				DEVELOPMENT_ASSET_PATHS = "\"2023 iOS - Term 4/Preview Content\"";
				ENABLE_PREVIEWS = YES;
				GENERATE_INFOPLIST_FILE = YES;
				INFOPLIST_KEY_UIApplicationSceneManifest_Generation = YES;
				INFOPLIST_KEY_UIApplicationSupportsIndirectInputEvents = YES;
				INFOPLIST_KEY_UILaunchScreen_Generation = YES;
				INFOPLIST_KEY_UISupportedInterfaceOrientations_iPad = "UIInterfaceOrientationPortrait UIInterfaceOrientationPortraitUpsideDown UIInterfaceOrientationLandscapeLeft UIInterfaceOrientationLandscapeRight";
				INFOPLIST_KEY_UISupportedInterfaceOrientations_iPhone = "UIInterfaceOrientationPortrait UIInterfaceOrientationLandscapeLeft UIInterfaceOrientationLandscapeRight";
				LD_RUNPATH_SEARCH_PATHS = (
					"$(inherited)",
					"@executable_path/Frameworks",
				);
				MARKETING_VERSION = 1.0;
				PRODUCT_BUNDLE_IDENTIFIER = "Cameron.-023-iOS---Term-4";
				PRODUCT_NAME = "$(TARGET_NAME)";
				SWIFT_EMIT_LOC_STRINGS = YES;
				SWIFT_VERSION = 5.0;
				TARGETED_DEVICE_FAMILY = "1,2";
			};
			name = Debug;
		};
		D651F5A62ACCFBEC00741729 /* Release */ = {
			isa = XCBuildConfiguration;
			buildSettings = {
				ASSETCATALOG_COMPILER_APPICON_NAME = AppIcon;
				ASSETCATALOG_COMPILER_GLOBAL_ACCENT_COLOR_NAME = AccentColor;
				CODE_SIGN_STYLE = Automatic;
				CURRENT_PROJECT_VERSION = 1;
				DEVELOPMENT_ASSET_PATHS = "\"2023 iOS - Term 4/Preview Content\"";
				ENABLE_PREVIEWS = YES;
				GENERATE_INFOPLIST_FILE = YES;
				INFOPLIST_KEY_UIApplicationSceneManifest_Generation = YES;
				INFOPLIST_KEY_UIApplicationSupportsIndirectInputEvents = YES;
				INFOPLIST_KEY_UILaunchScreen_Generation = YES;
				INFOPLIST_KEY_UISupportedInterfaceOrientations_iPad = "UIInterfaceOrientationPortrait UIInterfaceOrientationPortraitUpsideDown UIInterfaceOrientationLandscapeLeft UIInterfaceOrientationLandscapeRight";
				INFOPLIST_KEY_UISupportedInterfaceOrientations_iPhone = "UIInterfaceOrientationPortrait UIInterfaceOrientationLandscapeLeft UIInterfaceOrientationLandscapeRight";
				LD_RUNPATH_SEARCH_PATHS = (
					"$(inherited)",
					"@executable_path/Frameworks",
				);
				MARKETING_VERSION = 1.0;
				PRODUCT_BUNDLE_IDENTIFIER = "Cameron.-023-iOS---Term-4";
				PRODUCT_NAME = "$(TARGET_NAME)";
				SWIFT_EMIT_LOC_STRINGS = YES;
				SWIFT_VERSION = 5.0;
				TARGETED_DEVICE_FAMILY = "1,2";
			};
			name = Release;
		};
/* End XCBuildConfiguration section */

/* Begin XCConfigurationList section */
		D651F5912ACCFBE500741729 /* Build configuration list for PBXProject "2023 iOS - Term 4" */ = {
			isa = XCConfigurationList;
			buildConfigurations = (
				D651F5A22ACCFBEC00741729 /* Debug */,
				D651F5A32ACCFBEC00741729 /* Release */,
			);
			defaultConfigurationIsVisible = 0;
			defaultConfigurationName = Release;
		};
		D651F5A42ACCFBEC00741729 /* Build configuration list for PBXNativeTarget "League Items" */ = {
			isa = XCConfigurationList;
			buildConfigurations = (
				D651F5A52ACCFBEC00741729 /* Debug */,
				D651F5A62ACCFBEC00741729 /* Release */,
			);
			defaultConfigurationIsVisible = 0;
			defaultConfigurationName = Release;
		};
/* End XCConfigurationList section */
	};
	rootObject = D651F58E2ACCFBE500741729 /* Project object */;
}
